{
  "name": "faketorybysam",
  "version": "1.0.0",
  "lockfileVersion": 1,
  "requires": true,
  "dependencies": {
    "rapydscript": {
      "version": "0.5.58",
      "resolved": "https://registry.npmjs.org/rapydscript/-/rapydscript-0.5.58.tgz",
      "integrity": "sha1-mVSZn67slVxh4MrBIHuPUYrrHPo="
    }
  }
}
